// !$*UTF8*$!
{
	archiveVersion = 1;
	classes = {
	};
	objectVersion = 46;
	objects = {

/* Begin PBXBuildFile section */
		31AFC8001C73011C00671DB8 /* AudioToolbox.framework in Frameworks */ = {isa = PBXBuildFile; fileRef = BD7BE4AB1C67BCB9002471FC /* AudioToolbox.framework */; };
		31AFC8041C73011C00671DB8 /* CoreAudio.framework in Frameworks */ = {isa = PBXBuildFile; fileRef = 31AFC8021C73011C00671DB8 /* CoreAudio.framework */; };
		31AFC8051C73011C00671DB8 /* CoreAudioKit.framework in Frameworks */ = {isa = PBXBuildFile; fileRef = 31AFC8031C73011C00671DB8 /* CoreAudioKit.framework */; };
		BD0C8F981C66012200908D7F /* SoundEffectViewCell.swift in Sources */ = {isa = PBXBuildFile; fileRef = BD0C8F961C66012200908D7F /* SoundEffectViewCell.swift */; };
		BD0C8F991C66012200908D7F /* SoundEffectViewCell.xib in Resources */ = {isa = PBXBuildFile; fileRef = BD0C8F971C66012200908D7F /* SoundEffectViewCell.xib */; };
		BD0C8F9D1C6714D500908D7F /* RxSwift.framework in Frameworks */ = {isa = PBXBuildFile; fileRef = BD0C8F9C1C6714D500908D7F /* RxSwift.framework */; };
		BD0C8FA11C67172500908D7F /* SpeechTextInputViewController.swift in Sources */ = {isa = PBXBuildFile; fileRef = BD0C8FA01C67172500908D7F /* SpeechTextInputViewController.swift */; };
		BD0C8FA41C6721AD00908D7F /* RealmSwift.framework in Frameworks */ = {isa = PBXBuildFile; fileRef = BD0C8FA21C6721AD00908D7F /* RealmSwift.framework */; };
		BD0C8FA51C6721AD00908D7F /* Realm.framework in Frameworks */ = {isa = PBXBuildFile; fileRef = BD0C8FA31C6721AD00908D7F /* Realm.framework */; };
		BD0C8FA71C6728D900908D7F /* SequenceTableViewController.swift in Sources */ = {isa = PBXBuildFile; fileRef = BD0C8FA61C6728D900908D7F /* SequenceTableViewController.swift */; };
		BD0C8FA91C67296100908D7F /* SequenceViewCell.swift in Sources */ = {isa = PBXBuildFile; fileRef = BD0C8FA81C67296100908D7F /* SequenceViewCell.swift */; };
		BD0C8FAB1C6729A200908D7F /* IdentifiableType.swift in Sources */ = {isa = PBXBuildFile; fileRef = BD0C8FAA1C6729A200908D7F /* IdentifiableType.swift */; };
		BD0C8FAD1C672B6200908D7F /* SequenceEntry.swift in Sources */ = {isa = PBXBuildFile; fileRef = BD0C8FAC1C672B6200908D7F /* SequenceEntry.swift */; };
		BD0C8FAF1C672F7E00908D7F /* SequenceStore.swift in Sources */ = {isa = PBXBuildFile; fileRef = BD0C8FAE1C672F7E00908D7F /* SequenceStore.swift */; };
		BD0C8FB11C67366000908D7F /* RealmStore.swift in Sources */ = {isa = PBXBuildFile; fileRef = BD0C8FB01C67366000908D7F /* RealmStore.swift */; };
		BD0C8FB31C67404900908D7F /* SequenceInputViewController.swift in Sources */ = {isa = PBXBuildFile; fileRef = BD0C8FB21C67404900908D7F /* SequenceInputViewController.swift */; };
		BD0C8FE61C675A9800908D7F /* SoundEntry.swift in Sources */ = {isa = PBXBuildFile; fileRef = BD0C8FE51C675A9800908D7F /* SoundEntry.swift */; };
		BD0C8FEA1C67828300908D7F /* SoundPortingSegue.swift in Sources */ = {isa = PBXBuildFile; fileRef = BD0C8FE91C67828300908D7F /* SoundPortingSegue.swift */; };
		BD7BE4A21C679153002471FC /* SoundViewCell.swift in Sources */ = {isa = PBXBuildFile; fileRef = BD7BE4A11C679153002471FC /* SoundViewCell.swift */; };
		BD7BE4A41C67994B002471FC /* SequencePortingSegue.swift in Sources */ = {isa = PBXBuildFile; fileRef = BD7BE4A31C67994B002471FC /* SequencePortingSegue.swift */; };
		BD7BE4A61C67AE31002471FC /* PopoverSegue.swift in Sources */ = {isa = PBXBuildFile; fileRef = BD7BE4A51C67AE31002471FC /* PopoverSegue.swift */; };
		BD7BE4A81C67B517002471FC /* PopoverTableViewController.swift in Sources */ = {isa = PBXBuildFile; fileRef = BD7BE4A71C67B516002471FC /* PopoverTableViewController.swift */; };
		BD7BE4AA1C67BA07002471FC /* SpeechText.swift in Sources */ = {isa = PBXBuildFile; fileRef = BD7BE4A91C67BA07002471FC /* SpeechText.swift */; };
		BD81F0ED1C6F088E00713D3B /* Player.swift in Sources */ = {isa = PBXBuildFile; fileRef = BD81F0EC1C6F088E00713D3B /* Player.swift */; };
		BD81F0EF1C70DB8500713D3B /* RxCocoa.framework in Frameworks */ = {isa = PBXBuildFile; fileRef = BD81F0EE1C70DB8500713D3B /* RxCocoa.framework */; };
		BDD393571C65989700598AEB /* AppDelegate.swift in Sources */ = {isa = PBXBuildFile; fileRef = BDD393561C65989700598AEB /* AppDelegate.swift */; };
		BDD393591C65989700598AEB /* SoundEffectPickerViewController.swift in Sources */ = {isa = PBXBuildFile; fileRef = BDD393581C65989700598AEB /* SoundEffectPickerViewController.swift */; };
		BDD3935C1C65989700598AEB /* Main.storyboard in Resources */ = {isa = PBXBuildFile; fileRef = BDD3935A1C65989700598AEB /* Main.storyboard */; };
		BDD3935E1C65989700598AEB /* Assets.xcassets in Resources */ = {isa = PBXBuildFile; fileRef = BDD3935D1C65989700598AEB /* Assets.xcassets */; };
		BDD393611C65989700598AEB /* LaunchScreen.storyboard in Resources */ = {isa = PBXBuildFile; fileRef = BDD3935F1C65989700598AEB /* LaunchScreen.storyboard */; };
		BDD3936C1C65989700598AEB /* mixerTests.swift in Sources */ = {isa = PBXBuildFile; fileRef = BDD3936B1C65989700598AEB /* mixerTests.swift */; };
		BDD393771C65CB7F00598AEB /* SoundEffect.swift in Sources */ = {isa = PBXBuildFile; fileRef = BDD393761C65CB7F00598AEB /* SoundEffect.swift */; };
		BDD393791C65CC6B00598AEB /* SoundEffects in Resources */ = {isa = PBXBuildFile; fileRef = BDD393781C65CC6B00598AEB /* SoundEffects */; };
		BDD3937D1C65DFEB00598AEB /* AVFoundation.framework in Frameworks */ = {isa = PBXBuildFile; fileRef = BDD3937C1C65DFEB00598AEB /* AVFoundation.framework */; };
/* End PBXBuildFile section */

/* Begin PBXContainerItemProxy section */
		BDD393681C65989700598AEB /* PBXContainerItemProxy */ = {
			isa = PBXContainerItemProxy;
			containerPortal = BDD3934B1C65989700598AEB /* Project object */;
			proxyType = 1;
			remoteGlobalIDString = BDD393521C65989700598AEB;
			remoteInfo = mixer;
		};
/* End PBXContainerItemProxy section */

/* Begin PBXFileReference section */
		31AFC8021C73011C00671DB8 /* CoreAudio.framework */ = {isa = PBXFileReference; lastKnownFileType = wrapper.framework; name = CoreAudio.framework; path = System/Library/Frameworks/CoreAudio.framework; sourceTree = SDKROOT; };
		31AFC8031C73011C00671DB8 /* CoreAudioKit.framework */ = {isa = PBXFileReference; lastKnownFileType = wrapper.framework; name = CoreAudioKit.framework; path = System/Library/Frameworks/CoreAudioKit.framework; sourceTree = SDKROOT; };
		BD0C8F961C66012200908D7F /* SoundEffectViewCell.swift */ = {isa = PBXFileReference; fileEncoding = 4; lastKnownFileType = sourcecode.swift; path = SoundEffectViewCell.swift; sourceTree = "<group>"; };
		BD0C8F971C66012200908D7F /* SoundEffectViewCell.xib */ = {isa = PBXFileReference; fileEncoding = 4; lastKnownFileType = file.xib; path = SoundEffectViewCell.xib; sourceTree = "<group>"; };
		BD0C8F9B1C670E5E00908D7F /* mixer.playground */ = {isa = PBXFileReference; lastKnownFileType = file.playground; path = mixer.playground; sourceTree = "<group>"; };
		BD0C8F9C1C6714D500908D7F /* RxSwift.framework */ = {isa = PBXFileReference; lastKnownFileType = wrapper.framework; name = RxSwift.framework; path = Carthage/Build/iOS/RxSwift.framework; sourceTree = SOURCE_ROOT; };
		BD0C8FA01C67172500908D7F /* SpeechTextInputViewController.swift */ = {isa = PBXFileReference; fileEncoding = 4; lastKnownFileType = sourcecode.swift; path = SpeechTextInputViewController.swift; sourceTree = "<group>"; };
		BD0C8FA21C6721AD00908D7F /* RealmSwift.framework */ = {isa = PBXFileReference; lastKnownFileType = wrapper.framework; name = RealmSwift.framework; path = Carthage/Build/iOS/RealmSwift.framework; sourceTree = SOURCE_ROOT; };
		BD0C8FA31C6721AD00908D7F /* Realm.framework */ = {isa = PBXFileReference; lastKnownFileType = wrapper.framework; name = Realm.framework; path = Carthage/Build/iOS/Realm.framework; sourceTree = SOURCE_ROOT; };
		BD0C8FA61C6728D900908D7F /* SequenceTableViewController.swift */ = {isa = PBXFileReference; fileEncoding = 4; lastKnownFileType = sourcecode.swift; path = SequenceTableViewController.swift; sourceTree = "<group>"; };
		BD0C8FA81C67296100908D7F /* SequenceViewCell.swift */ = {isa = PBXFileReference; fileEncoding = 4; lastKnownFileType = sourcecode.swift; path = SequenceViewCell.swift; sourceTree = "<group>"; };
		BD0C8FAA1C6729A200908D7F /* IdentifiableType.swift */ = {isa = PBXFileReference; fileEncoding = 4; lastKnownFileType = sourcecode.swift; path = IdentifiableType.swift; sourceTree = "<group>"; };
		BD0C8FAC1C672B6200908D7F /* SequenceEntry.swift */ = {isa = PBXFileReference; fileEncoding = 4; lastKnownFileType = sourcecode.swift; path = SequenceEntry.swift; sourceTree = "<group>"; };
		BD0C8FAE1C672F7E00908D7F /* SequenceStore.swift */ = {isa = PBXFileReference; fileEncoding = 4; lastKnownFileType = sourcecode.swift; path = SequenceStore.swift; sourceTree = "<group>"; };
		BD0C8FB01C67366000908D7F /* RealmStore.swift */ = {isa = PBXFileReference; fileEncoding = 4; lastKnownFileType = sourcecode.swift; path = RealmStore.swift; sourceTree = "<group>"; };
		BD0C8FB21C67404900908D7F /* SequenceInputViewController.swift */ = {isa = PBXFileReference; fileEncoding = 4; lastKnownFileType = sourcecode.swift; path = SequenceInputViewController.swift; sourceTree = "<group>"; };
		BD0C8FE51C675A9800908D7F /* SoundEntry.swift */ = {isa = PBXFileReference; fileEncoding = 4; lastKnownFileType = sourcecode.swift; path = SoundEntry.swift; sourceTree = "<group>"; };
		BD0C8FE91C67828300908D7F /* SoundPortingSegue.swift */ = {isa = PBXFileReference; fileEncoding = 4; lastKnownFileType = sourcecode.swift; path = SoundPortingSegue.swift; sourceTree = "<group>"; };
		BD7BE4A11C679153002471FC /* SoundViewCell.swift */ = {isa = PBXFileReference; fileEncoding = 4; lastKnownFileType = sourcecode.swift; path = SoundViewCell.swift; sourceTree = "<group>"; };
		BD7BE4A31C67994B002471FC /* SequencePortingSegue.swift */ = {isa = PBXFileReference; fileEncoding = 4; lastKnownFileType = sourcecode.swift; path = SequencePortingSegue.swift; sourceTree = "<group>"; };
		BD7BE4A51C67AE31002471FC /* PopoverSegue.swift */ = {isa = PBXFileReference; fileEncoding = 4; lastKnownFileType = sourcecode.swift; path = PopoverSegue.swift; sourceTree = "<group>"; };
		BD7BE4A71C67B516002471FC /* PopoverTableViewController.swift */ = {isa = PBXFileReference; fileEncoding = 4; lastKnownFileType = sourcecode.swift; path = PopoverTableViewController.swift; sourceTree = "<group>"; };
		BD7BE4A91C67BA07002471FC /* SpeechText.swift */ = {isa = PBXFileReference; fileEncoding = 4; lastKnownFileType = sourcecode.swift; path = SpeechText.swift; sourceTree = "<group>"; };
		BD7BE4AB1C67BCB9002471FC /* AudioToolbox.framework */ = {isa = PBXFileReference; lastKnownFileType = wrapper.framework; name = AudioToolbox.framework; path = System/Library/Frameworks/AudioToolbox.framework; sourceTree = SDKROOT; };
		BD7BE4AC1C67BCB9002471FC /* AudioUnit.framework */ = {isa = PBXFileReference; lastKnownFileType = wrapper.framework; name = AudioUnit.framework; path = System/Library/Frameworks/AudioUnit.framework; sourceTree = SDKROOT; };
		BD81F0EC1C6F088E00713D3B /* Player.swift */ = {isa = PBXFileReference; fileEncoding = 4; lastKnownFileType = sourcecode.swift; path = Player.swift; sourceTree = "<group>"; };
		BD81F0EE1C70DB8500713D3B /* RxCocoa.framework */ = {isa = PBXFileReference; lastKnownFileType = wrapper.framework; name = RxCocoa.framework; path = Carthage/Build/iOS/RxCocoa.framework; sourceTree = SOURCE_ROOT; };
		BDD393531C65989700598AEB /* mixer.app */ = {isa = PBXFileReference; explicitFileType = wrapper.application; includeInIndex = 0; path = mixer.app; sourceTree = BUILT_PRODUCTS_DIR; };
		BDD393561C65989700598AEB /* AppDelegate.swift */ = {isa = PBXFileReference; lastKnownFileType = sourcecode.swift; path = AppDelegate.swift; sourceTree = "<group>"; };
		BDD393581C65989700598AEB /* SoundEffectPickerViewController.swift */ = {isa = PBXFileReference; lastKnownFileType = sourcecode.swift; path = SoundEffectPickerViewController.swift; sourceTree = "<group>"; };
		BDD3935B1C65989700598AEB /* Base */ = {isa = PBXFileReference; lastKnownFileType = file.storyboard; name = Base; path = Base.lproj/Main.storyboard; sourceTree = "<group>"; };
		BDD3935D1C65989700598AEB /* Assets.xcassets */ = {isa = PBXFileReference; lastKnownFileType = folder.assetcatalog; path = Assets.xcassets; sourceTree = "<group>"; };
		BDD393601C65989700598AEB /* Base */ = {isa = PBXFileReference; lastKnownFileType = file.storyboard; name = Base; path = Base.lproj/LaunchScreen.storyboard; sourceTree = "<group>"; };
		BDD393621C65989700598AEB /* Info.plist */ = {isa = PBXFileReference; lastKnownFileType = text.plist.xml; path = Info.plist; sourceTree = "<group>"; };
		BDD393671C65989700598AEB /* mixerTests.xctest */ = {isa = PBXFileReference; explicitFileType = wrapper.cfbundle; includeInIndex = 0; path = mixerTests.xctest; sourceTree = BUILT_PRODUCTS_DIR; };
		BDD3936B1C65989700598AEB /* mixerTests.swift */ = {isa = PBXFileReference; lastKnownFileType = sourcecode.swift; path = mixerTests.swift; sourceTree = "<group>"; };
		BDD3936D1C65989700598AEB /* Info.plist */ = {isa = PBXFileReference; lastKnownFileType = text.plist.xml; path = Info.plist; sourceTree = "<group>"; };
		BDD393761C65CB7F00598AEB /* SoundEffect.swift */ = {isa = PBXFileReference; fileEncoding = 4; lastKnownFileType = sourcecode.swift; path = SoundEffect.swift; sourceTree = "<group>"; };
		BDD393781C65CC6B00598AEB /* SoundEffects */ = {isa = PBXFileReference; lastKnownFileType = folder; path = SoundEffects; sourceTree = "<group>"; };
		BDD3937C1C65DFEB00598AEB /* AVFoundation.framework */ = {isa = PBXFileReference; lastKnownFileType = wrapper.framework; name = AVFoundation.framework; path = System/Library/Frameworks/AVFoundation.framework; sourceTree = SDKROOT; };
/* End PBXFileReference section */

/* Begin PBXFrameworksBuildPhase section */
		BDD393501C65989700598AEB /* Frameworks */ = {
			isa = PBXFrameworksBuildPhase;
			buildActionMask = 2147483647;
			files = (
				31AFC8041C73011C00671DB8 /* CoreAudio.framework in Frameworks */,
				31AFC8051C73011C00671DB8 /* CoreAudioKit.framework in Frameworks */,
				31AFC8001C73011C00671DB8 /* AudioToolbox.framework in Frameworks */,
				BD81F0EF1C70DB8500713D3B /* RxCocoa.framework in Frameworks */,
				BD0C8FA41C6721AD00908D7F /* RealmSwift.framework in Frameworks */,
				BD0C8FA51C6721AD00908D7F /* Realm.framework in Frameworks */,
				BD0C8F9D1C6714D500908D7F /* RxSwift.framework in Frameworks */,
				BDD3937D1C65DFEB00598AEB /* AVFoundation.framework in Frameworks */,
			);
			runOnlyForDeploymentPostprocessing = 0;
		};
		BDD393641C65989700598AEB /* Frameworks */ = {
			isa = PBXFrameworksBuildPhase;
			buildActionMask = 2147483647;
			files = (
			);
			runOnlyForDeploymentPostprocessing = 0;
		};
/* End PBXFrameworksBuildPhase section */

/* Begin PBXGroup section */
		BD0C8F9A1C670E3500908D7F /* Frameworks */ = {
			isa = PBXGroup;
			children = (
				31AFC8021C73011C00671DB8 /* CoreAudio.framework */,
				31AFC8031C73011C00671DB8 /* CoreAudioKit.framework */,
				BD81F0EE1C70DB8500713D3B /* RxCocoa.framework */,
				BD7BE4AB1C67BCB9002471FC /* AudioToolbox.framework */,
				BD7BE4AC1C67BCB9002471FC /* AudioUnit.framework */,
				BD0C8FA21C6721AD00908D7F /* RealmSwift.framework */,
				BD0C8FA31C6721AD00908D7F /* Realm.framework */,
				BD0C8F9C1C6714D500908D7F /* RxSwift.framework */,
				BDD3937C1C65DFEB00598AEB /* AVFoundation.framework */,
			);
			name = Frameworks;
			path = mixer;
			sourceTree = "<group>";
		};
		BD81F0E41C6F079300713D3B /* Sequence */ = {
			isa = PBXGroup;
			children = (
				BD0C8FAC1C672B6200908D7F /* SequenceEntry.swift */,
				BD0C8FB21C67404900908D7F /* SequenceInputViewController.swift */,
				BD0C8FAE1C672F7E00908D7F /* SequenceStore.swift */,
				BD0C8FA61C6728D900908D7F /* SequenceTableViewController.swift */,
				BD0C8FA81C67296100908D7F /* SequenceViewCell.swift */,
			);
			path = Sequence;
			sourceTree = "<group>";
		};
		BD81F0E51C6F079A00713D3B /* Sound */ = {
			isa = PBXGroup;
			children = (
				BD0C8FE51C675A9800908D7F /* SoundEntry.swift */,
			);
			path = Sound;
			sourceTree = "<group>";
		};
		BD81F0E61C6F07A700713D3B /* SpeechText */ = {
			isa = PBXGroup;
			children = (
				BD7BE4A91C67BA07002471FC /* SpeechText.swift */,
				BD0C8FA01C67172500908D7F /* SpeechTextInputViewController.swift */,
			);
			path = SpeechText;
			sourceTree = "<group>";
		};
		BD81F0E71C6F07B000713D3B /* SoundEffects */ = {
			isa = PBXGroup;
			children = (
				BDD393761C65CB7F00598AEB /* SoundEffect.swift */,
				BDD393581C65989700598AEB /* SoundEffectPickerViewController.swift */,
				BD0C8F961C66012200908D7F /* SoundEffectViewCell.swift */,
				BD0C8F971C66012200908D7F /* SoundEffectViewCell.xib */,
				BD7BE4A11C679153002471FC /* SoundViewCell.swift */,
			);
			path = SoundEffects;
			sourceTree = "<group>";
		};
		BD81F0E81C6F07E900713D3B /* Utils */ = {
			isa = PBXGroup;
			children = (
				BD0C8FAA1C6729A200908D7F /* IdentifiableType.swift */,
				BD0C8FB01C67366000908D7F /* RealmStore.swift */,
			);
			path = Utils;
			sourceTree = "<group>";
		};
		BD81F0E91C6F07F000713D3B /* Segues */ = {
			isa = PBXGroup;
			children = (
				BD7BE4A51C67AE31002471FC /* PopoverSegue.swift */,
				BD7BE4A71C67B516002471FC /* PopoverTableViewController.swift */,
				BD7BE4A31C67994B002471FC /* SequencePortingSegue.swift */,
				BD0C8FE91C67828300908D7F /* SoundPortingSegue.swift */,
			);
			path = Segues;
			sourceTree = "<group>";
		};
		BD81F0EA1C6F083100713D3B /* Storyboards */ = {
			isa = PBXGroup;
			children = (
				BDD3935F1C65989700598AEB /* LaunchScreen.storyboard */,
				BDD3935A1C65989700598AEB /* Main.storyboard */,
			);
			path = Storyboards;
			sourceTree = "<group>";
		};
		BD81F0EB1C6F087A00713D3B /* Player */ = {
			isa = PBXGroup;
			children = (
				BD81F0EC1C6F088E00713D3B /* Player.swift */,
			);
			path = Player;
			sourceTree = "<group>";
		};
		BDD3934A1C65989700598AEB = {
			isa = PBXGroup;
			children = (
				BD0C8F9A1C670E3500908D7F /* Frameworks */,
				BDD393541C65989700598AEB /* Products */,
				BDD393551C65989700598AEB /* mixer */,
				BDD3936A1C65989700598AEB /* mixerTests */,
			);
			sourceTree = "<group>";
		};
		BDD393541C65989700598AEB /* Products */ = {
			isa = PBXGroup;
			children = (
				BDD393531C65989700598AEB /* mixer.app */,
				BDD393671C65989700598AEB /* mixerTests.xctest */,
			);
			name = Products;
			sourceTree = "<group>";
		};
		BDD393551C65989700598AEB /* mixer */ = {
			isa = PBXGroup;
			children = (
				BD81F0EB1C6F087A00713D3B /* Player */,
				BD81F0E91C6F07F000713D3B /* Segues */,
				BD81F0E41C6F079300713D3B /* Sequence */,
				BD81F0E51C6F079A00713D3B /* Sound */,
				BD81F0E71C6F07B000713D3B /* SoundEffects */,
				BD81F0E61C6F07A700713D3B /* SpeechText */,
				BD81F0EA1C6F083100713D3B /* Storyboards */,
				BD81F0E81C6F07E900713D3B /* Utils */,
				BDD393561C65989700598AEB /* AppDelegate.swift */,
				BDD3935D1C65989700598AEB /* Assets.xcassets */,
				BDD393621C65989700598AEB /* Info.plist */,
				BDD393781C65CC6B00598AEB /* SoundEffects */,
				BD0C8F9B1C670E5E00908D7F /* mixer.playground */,
			);
			path = mixer;
			sourceTree = "<group>";
		};
		BDD3936A1C65989700598AEB /* mixerTests */ = {
			isa = PBXGroup;
			children = (
				BDD3936D1C65989700598AEB /* Info.plist */,
				BDD3936B1C65989700598AEB /* mixerTests.swift */,
			);
			path = mixerTests;
			sourceTree = "<group>";
		};
/* End PBXGroup section */

/* Begin PBXNativeTarget section */
		BDD393521C65989700598AEB /* mixer */ = {
			isa = PBXNativeTarget;
			buildConfigurationList = BDD393701C65989700598AEB /* Build configuration list for PBXNativeTarget "mixer" */;
			buildPhases = (
				BDD3934F1C65989700598AEB /* Sources */,
				BDD393501C65989700598AEB /* Frameworks */,
				BDD393511C65989700598AEB /* Resources */,
				BD0C8F9E1C6714DE00908D7F /* ShellScript */,
			);
			buildRules = (
			);
			dependencies = (
			);
			name = mixer;
			productName = mixer;
			productReference = BDD393531C65989700598AEB /* mixer.app */;
			productType = "com.apple.product-type.application";
		};
		BDD393661C65989700598AEB /* mixerTests */ = {
			isa = PBXNativeTarget;
			buildConfigurationList = BDD393731C65989700598AEB /* Build configuration list for PBXNativeTarget "mixerTests" */;
			buildPhases = (
				BDD393631C65989700598AEB /* Sources */,
				BDD393641C65989700598AEB /* Frameworks */,
				BDD393651C65989700598AEB /* Resources */,
				BD0C8F9F1C67150600908D7F /* ShellScript */,
			);
			buildRules = (
			);
			dependencies = (
				BDD393691C65989700598AEB /* PBXTargetDependency */,
			);
			name = mixerTests;
			productName = mixerTests;
			productReference = BDD393671C65989700598AEB /* mixerTests.xctest */;
			productType = "com.apple.product-type.bundle.unit-test";
		};
/* End PBXNativeTarget section */

/* Begin PBXProject section */
		BDD3934B1C65989700598AEB /* Project object */ = {
			isa = PBXProject;
			attributes = {
				LastSwiftUpdateCheck = 0720;
				LastUpgradeCheck = 0720;
				ORGANIZATIONNAME = ainame;
				TargetAttributes = {
					BDD393521C65989700598AEB = {
						CreatedOnToolsVersion = 7.2.1;
						DevelopmentTeam = 2Q7H62SFG3;
					};
					BDD393661C65989700598AEB = {
						CreatedOnToolsVersion = 7.2.1;
						TestTargetID = BDD393521C65989700598AEB;
					};
				};
			};
			buildConfigurationList = BDD3934E1C65989700598AEB /* Build configuration list for PBXProject "mixer" */;
			compatibilityVersion = "Xcode 3.2";
			developmentRegion = English;
			hasScannedForEncodings = 0;
			knownRegions = (
				en,
				Base,
			);
			mainGroup = BDD3934A1C65989700598AEB;
			productRefGroup = BDD393541C65989700598AEB /* Products */;
			projectDirPath = "";
			projectRoot = "";
			targets = (
				BDD393521C65989700598AEB /* mixer */,
				BDD393661C65989700598AEB /* mixerTests */,
			);
		};
/* End PBXProject section */

/* Begin PBXResourcesBuildPhase section */
		BDD393511C65989700598AEB /* Resources */ = {
			isa = PBXResourcesBuildPhase;
			buildActionMask = 2147483647;
			files = (
				BD0C8F991C66012200908D7F /* SoundEffectViewCell.xib in Resources */,
				BDD393611C65989700598AEB /* LaunchScreen.storyboard in Resources */,
				BDD393791C65CC6B00598AEB /* SoundEffects in Resources */,
				BDD3935E1C65989700598AEB /* Assets.xcassets in Resources */,
				BDD3935C1C65989700598AEB /* Main.storyboard in Resources */,
			);
			runOnlyForDeploymentPostprocessing = 0;
		};
		BDD393651C65989700598AEB /* Resources */ = {
			isa = PBXResourcesBuildPhase;
			buildActionMask = 2147483647;
			files = (
			);
			runOnlyForDeploymentPostprocessing = 0;
		};
/* End PBXResourcesBuildPhase section */

/* Begin PBXShellScriptBuildPhase section */
		BD0C8F9E1C6714DE00908D7F /* ShellScript */ = {
			isa = PBXShellScriptBuildPhase;
			buildActionMask = 2147483647;
			files = (
			);
			inputPaths = (
				"$(SRCROOT)/Carthage/Build/iOS/RxSwift.framework",
				"$(SRCROOT)/Carthage/Build/iOS/Realm.framework",
				"$(SRCROOT)/Carthage/Build/iOS/RealmSwift.framework",
				"$(SRCROOT)/Carthage/Build/iOS/RxCocoa.framework",
			);
			outputPaths = (
			);
			runOnlyForDeploymentPostprocessing = 0;
			shellPath = /bin/sh;
			shellScript = "/usr/local/bin/carthage copy-frameworks";
		};
		BD0C8F9F1C67150600908D7F /* ShellScript */ = {
			isa = PBXShellScriptBuildPhase;
			buildActionMask = 2147483647;
			files = (
			);
			inputPaths = (
				"$(SRCROOT)/Carthage/Build/iOS/RxSwift.framework",
				"$(SRCROOT)/Carthage/Build/iOS/Realm.framework",
				"$(SRCROOT)/Carthage/Build/iOS/RealmSwift.framework",
				"$(SRCROOT)/Carthage/Build/iOS/RxSwift.framework",
			);
			outputPaths = (
			);
			runOnlyForDeploymentPostprocessing = 0;
			shellPath = /bin/sh;
			shellScript = "/usr/local/bin/carthage copy-frameworks";
		};
/* End PBXShellScriptBuildPhase section */

/* Begin PBXSourcesBuildPhase section */
		BDD3934F1C65989700598AEB /* Sources */ = {
			isa = PBXSourcesBuildPhase;
			buildActionMask = 2147483647;
			files = (
				BD7BE4A41C67994B002471FC /* SequencePortingSegue.swift in Sources */,
				BD0C8FA11C67172500908D7F /* SpeechTextInputViewController.swift in Sources */,
				BDD393591C65989700598AEB /* SoundEffectPickerViewController.swift in Sources */,
				BD7BE4A21C679153002471FC /* SoundViewCell.swift in Sources */,
				BD81F0ED1C6F088E00713D3B /* Player.swift in Sources */,
				BD0C8FAD1C672B6200908D7F /* SequenceEntry.swift in Sources */,
				BDD393571C65989700598AEB /* AppDelegate.swift in Sources */,
				BD7BE4A61C67AE31002471FC /* PopoverSegue.swift in Sources */,
				BD0C8FB11C67366000908D7F /* RealmStore.swift in Sources */,
				BD0C8FEA1C67828300908D7F /* SoundPortingSegue.swift in Sources */,
				BD0C8F981C66012200908D7F /* SoundEffectViewCell.swift in Sources */,
				BD0C8FE61C675A9800908D7F /* SoundEntry.swift in Sources */,
				BD0C8FA91C67296100908D7F /* SequenceViewCell.swift in Sources */,
				BD0C8FAB1C6729A200908D7F /* IdentifiableType.swift in Sources */,
				BD7BE4A81C67B517002471FC /* PopoverTableViewController.swift in Sources */,
				BD0C8FAF1C672F7E00908D7F /* SequenceStore.swift in Sources */,
				BD7BE4AA1C67BA07002471FC /* SpeechText.swift in Sources */,
				BD0C8FA71C6728D900908D7F /* SequenceTableViewController.swift in Sources */,
				BD0C8FB31C67404900908D7F /* SequenceInputViewController.swift in Sources */,
				BDD393771C65CB7F00598AEB /* SoundEffect.swift in Sources */,
			);
			runOnlyForDeploymentPostprocessing = 0;
		};
		BDD393631C65989700598AEB /* Sources */ = {
			isa = PBXSourcesBuildPhase;
			buildActionMask = 2147483647;
			files = (
				BDD3936C1C65989700598AEB /* mixerTests.swift in Sources */,
			);
			runOnlyForDeploymentPostprocessing = 0;
		};
/* End PBXSourcesBuildPhase section */

/* Begin PBXTargetDependency section */
		BDD393691C65989700598AEB /* PBXTargetDependency */ = {
			isa = PBXTargetDependency;
			target = BDD393521C65989700598AEB /* mixer */;
			targetProxy = BDD393681C65989700598AEB /* PBXContainerItemProxy */;
		};
/* End PBXTargetDependency section */

/* Begin PBXVariantGroup section */
		BDD3935A1C65989700598AEB /* Main.storyboard */ = {
			isa = PBXVariantGroup;
			children = (
				BDD3935B1C65989700598AEB /* Base */,
			);
			name = Main.storyboard;
			path = .;
			sourceTree = "<group>";
		};
		BDD3935F1C65989700598AEB /* LaunchScreen.storyboard */ = {
			isa = PBXVariantGroup;
			children = (
				BDD393601C65989700598AEB /* Base */,
			);
			name = LaunchScreen.storyboard;
			path = .;
			sourceTree = "<group>";
		};
/* End PBXVariantGroup section */

/* Begin XCBuildConfiguration section */
		BDD3936E1C65989700598AEB /* Debug */ = {
			isa = XCBuildConfiguration;
			buildSettings = {
				ALWAYS_SEARCH_USER_PATHS = NO;
				CLANG_CXX_LANGUAGE_STANDARD = "gnu++0x";
				CLANG_CXX_LIBRARY = "libc++";
				CLANG_ENABLE_MODULES = YES;
				CLANG_ENABLE_OBJC_ARC = YES;
				CLANG_WARN_BOOL_CONVERSION = YES;
				CLANG_WARN_CONSTANT_CONVERSION = YES;
				CLANG_WARN_DIRECT_OBJC_ISA_USAGE = YES_ERROR;
				CLANG_WARN_EMPTY_BODY = YES;
				CLANG_WARN_ENUM_CONVERSION = YES;
				CLANG_WARN_INT_CONVERSION = YES;
				CLANG_WARN_OBJC_ROOT_CLASS = YES_ERROR;
				CLANG_WARN_UNREACHABLE_CODE = YES;
				CLANG_WARN__DUPLICATE_METHOD_MATCH = YES;
				"CODE_SIGN_IDENTITY[sdk=iphoneos*]" = "iPhone Developer";
				COPY_PHASE_STRIP = NO;
				DEBUG_INFORMATION_FORMAT = dwarf;
				ENABLE_STRICT_OBJC_MSGSEND = YES;
				ENABLE_TESTABILITY = YES;
				GCC_C_LANGUAGE_STANDARD = gnu99;
				GCC_DYNAMIC_NO_PIC = NO;
				GCC_NO_COMMON_BLOCKS = YES;
				GCC_OPTIMIZATION_LEVEL = 0;
				GCC_PREPROCESSOR_DEFINITIONS = (
					"DEBUG=1",
					"$(inherited)",
				);
				GCC_WARN_64_TO_32_BIT_CONVERSION = YES;
				GCC_WARN_ABOUT_RETURN_TYPE = YES_ERROR;
				GCC_WARN_UNDECLARED_SELECTOR = YES;
				GCC_WARN_UNINITIALIZED_AUTOS = YES_AGGRESSIVE;
				GCC_WARN_UNUSED_FUNCTION = YES;
				GCC_WARN_UNUSED_VARIABLE = YES;
				IPHONEOS_DEPLOYMENT_TARGET = 9.2;
				MTL_ENABLE_DEBUG_INFO = YES;
				ONLY_ACTIVE_ARCH = YES;
				SDKROOT = iphoneos;
				SWIFT_OPTIMIZATION_LEVEL = "-Onone";
				TARGETED_DEVICE_FAMILY = "1,2";
			};
			name = Debug;
		};
		BDD3936F1C65989700598AEB /* Release */ = {
			isa = XCBuildConfiguration;
			buildSettings = {
				ALWAYS_SEARCH_USER_PATHS = NO;
				CLANG_CXX_LANGUAGE_STANDARD = "gnu++0x";
				CLANG_CXX_LIBRARY = "libc++";
				CLANG_ENABLE_MODULES = YES;
				CLANG_ENABLE_OBJC_ARC = YES;
				CLANG_WARN_BOOL_CONVERSION = YES;
				CLANG_WARN_CONSTANT_CONVERSION = YES;
				CLANG_WARN_DIRECT_OBJC_ISA_USAGE = YES_ERROR;
				CLANG_WARN_EMPTY_BODY = YES;
				CLANG_WARN_ENUM_CONVERSION = YES;
				CLANG_WARN_INT_CONVERSION = YES;
				CLANG_WARN_OBJC_ROOT_CLASS = YES_ERROR;
				CLANG_WARN_UNREACHABLE_CODE = YES;
				CLANG_WARN__DUPLICATE_METHOD_MATCH = YES;
				"CODE_SIGN_IDENTITY[sdk=iphoneos*]" = "iPhone Developer";
				COPY_PHASE_STRIP = NO;
				DEBUG_INFORMATION_FORMAT = "dwarf-with-dsym";
				ENABLE_NS_ASSERTIONS = NO;
				ENABLE_STRICT_OBJC_MSGSEND = YES;
				GCC_C_LANGUAGE_STANDARD = gnu99;
				GCC_NO_COMMON_BLOCKS = YES;
				GCC_WARN_64_TO_32_BIT_CONVERSION = YES;
				GCC_WARN_ABOUT_RETURN_TYPE = YES_ERROR;
				GCC_WARN_UNDECLARED_SELECTOR = YES;
				GCC_WARN_UNINITIALIZED_AUTOS = YES_AGGRESSIVE;
				GCC_WARN_UNUSED_FUNCTION = YES;
				GCC_WARN_UNUSED_VARIABLE = YES;
				IPHONEOS_DEPLOYMENT_TARGET = 9.2;
				MTL_ENABLE_DEBUG_INFO = NO;
				SDKROOT = iphoneos;
				TARGETED_DEVICE_FAMILY = "1,2";
				VALIDATE_PRODUCT = YES;
			};
			name = Release;
		};
		BDD393711C65989700598AEB /* Debug */ = {
			isa = XCBuildConfiguration;
			buildSettings = {
				ASSETCATALOG_COMPILER_APPICON_NAME = AppIcon;
				CODE_SIGN_IDENTITY = "iPhone Developer";
				FRAMEWORK_SEARCH_PATHS = (
					"$(inherited)",
					"$(PROJECT_DIR)/Carthage/Build/iOS",
				);
				INFOPLIST_FILE = mixer/Info.plist;
				IPHONEOS_DEPLOYMENT_TARGET = 9.2;
				LD_RUNPATH_SEARCH_PATHS = "$(inherited) @executable_path/Frameworks";
				PRODUCT_BUNDLE_IDENTIFIER = me.ainam.mixer;
				PRODUCT_NAME = "$(TARGET_NAME)";
			};
			name = Debug;
		};
		BDD393721C65989700598AEB /* Release */ = {
			isa = XCBuildConfiguration;
			buildSettings = {
				ASSETCATALOG_COMPILER_APPICON_NAME = AppIcon;
				CODE_SIGN_IDENTITY = "iPhone Developer";
				FRAMEWORK_SEARCH_PATHS = (
					"$(inherited)",
					"$(PROJECT_DIR)/Carthage/Build/iOS",
				);
				INFOPLIST_FILE = mixer/Info.plist;
				IPHONEOS_DEPLOYMENT_TARGET = 9.2;
				LD_RUNPATH_SEARCH_PATHS = "$(inherited) @executable_path/Frameworks";
				PRODUCT_BUNDLE_IDENTIFIER = me.ainam.mixer;
				PRODUCT_NAME = "$(TARGET_NAME)";
			};
			name = Release;
		};
		BDD393741C65989700598AEB /* Debug */ = {
			isa = XCBuildConfiguration;
			buildSettings = {
				BUNDLE_LOADER = "$(TEST_HOST)";
				INFOPLIST_FILE = mixerTests/Info.plist;
				LD_RUNPATH_SEARCH_PATHS = "$(inherited) @executable_path/Frameworks @loader_path/Frameworks";
				PRODUCT_BUNDLE_IDENTIFIER = me.ainam.mixerTests;
				PRODUCT_NAME = "$(TARGET_NAME)";
				TEST_HOST = "$(BUILT_PRODUCTS_DIR)/mixer.app/mixer";
			};
			name = Debug;
		};
		BDD393751C65989700598AEB /* Release */ = {
			isa = XCBuildConfiguration;
			buildSettings = {
				BUNDLE_LOADER = "$(TEST_HOST)";
				INFOPLIST_FILE = mixerTests/Info.plist;
				LD_RUNPATH_SEARCH_PATHS = "$(inherited) @executable_path/Frameworks @loader_path/Frameworks";
				PRODUCT_BUNDLE_IDENTIFIER = me.ainam.mixerTests;
				PRODUCT_NAME = "$(TARGET_NAME)";
				TEST_HOST = "$(BUILT_PRODUCTS_DIR)/mixer.app/mixer";
			};
			name = Release;
		};
/* End XCBuildConfiguration section */

/* Begin XCConfigurationList section */
		BDD3934E1C65989700598AEB /* Build configuration list for PBXProject "mixer" */ = {
			isa = XCConfigurationList;
			buildConfigurations = (
				BDD3936E1C65989700598AEB /* Debug */,
				BDD3936F1C65989700598AEB /* Release */,
			);
			defaultConfigurationIsVisible = 0;
			defaultConfigurationName = Release;
		};
		BDD393701C65989700598AEB /* Build configuration list for PBXNativeTarget "mixer" */ = {
			isa = XCConfigurationList;
			buildConfigurations = (
				BDD393711C65989700598AEB /* Debug */,
				BDD393721C65989700598AEB /* Release */,
			);
			defaultConfigurationIsVisible = 0;
			defaultConfigurationName = Release;
		};
		BDD393731C65989700598AEB /* Build configuration list for PBXNativeTarget "mixerTests" */ = {
			isa = XCConfigurationList;
			buildConfigurations = (
				BDD393741C65989700598AEB /* Debug */,
				BDD393751C65989700598AEB /* Release */,
			);
			defaultConfigurationIsVisible = 0;
			defaultConfigurationName = Release;
		};
/* End XCConfigurationList section */
	};
	rootObject = BDD3934B1C65989700598AEB /* Project object */;
}
